
Microsoft Visual Studio Solution File, Format Version 12.00
# Visual Studio 15
VisualStudioVersion = 15.0.27703.2042
MinimumVisualStudioVersion = 10.0.40219.1
Project("{9A19103F-16F7-4668-BE54-9A1E7A4F7556}") = "TwitchChat", "TwitchChat.csproj", "{4A495F9E-EDA6-4A49-B336-C0DFA28C86FB}"
EndProject
Project("{9A19103F-16F7-4668-BE54-9A1E7A4F7556}") = "Antiaris", "..\Antiaris\Antiaris.csproj", "{FBEC8416-1E64-4AE9-AC0A-A0FA828956D7}"
EndProject
Project("{9A19103F-16F7-4668-BE54-9A1E7A4F7556}") = "OriMod", "..\OriMod\OriMod.csproj", "{2490A4AB-0BF5-40E6-8D0E-E46CF4A9A099}"
EndProject
Project("{9A19103F-16F7-4668-BE54-9A1E7A4F7556}") = "TradingPost", "..\TradingPost\TradingPost.csproj", "{1485D985-CCFF-437D-B006-7C1EA4B01359}"
EndProject
Project("{FAE04EC0-301F-11D3-BF4B-00C04F79EFBC}") = "Razorwing.Framework", "..\Razorwing.Framework\Razorwing.Framework.csproj", "{02F68738-C57A-47B1-899D-5D1D55A1144F}"
EndProject
Global
	GlobalSection(SolutionConfigurationPlatforms) = preSolution
		Debug|Any CPU = Debug|Any CPU
		Release|Any CPU = Release|Any CPU
	EndGlobalSection
	GlobalSection(ProjectConfigurationPlatforms) = postSolution
		{4A495F9E-EDA6-4A49-B336-C0DFA28C86FB}.Debug|Any CPU.ActiveCfg = Debug|Any CPU
		{4A495F9E-EDA6-4A49-B336-C0DFA28C86FB}.Debug|Any CPU.Build.0 = Debug|Any CPU
		{4A495F9E-EDA6-4A49-B336-C0DFA28C86FB}.Release|Any CPU.ActiveCfg = Release|Any CPU
		{4A495F9E-EDA6-4A49-B336-C0DFA28C86FB}.Release|Any CPU.Build.0 = Release|Any CPU
		{FBEC8416-1E64-4AE9-AC0A-A0FA828956D7}.Debug|Any CPU.ActiveCfg = Debug|Any CPU
		{FBEC8416-1E64-4AE9-AC0A-A0FA828956D7}.Debug|Any CPU.Build.0 = Debug|Any CPU
		{FBEC8416-1E64-4AE9-AC0A-A0FA828956D7}.Release|Any CPU.ActiveCfg = Release|Any CPU
		{FBEC8416-1E64-4AE9-AC0A-A0FA828956D7}.Release|Any CPU.Build.0 = Release|Any CPU
		{2490A4AB-0BF5-40E6-8D0E-E46CF4A9A099}.Debug|Any CPU.ActiveCfg = Debug|Any CPU
		{2490A4AB-0BF5-40E6-8D0E-E46CF4A9A099}.Debug|Any CPU.Build.0 = Debug|Any CPU
		{2490A4AB-0BF5-40E6-8D0E-E46CF4A9A099}.Release|Any CPU.ActiveCfg = Release|Any CPU
		{2490A4AB-0BF5-40E6-8D0E-E46CF4A9A099}.Release|Any CPU.Build.0 = Release|Any CPU
		{1485D985-CCFF-437D-B006-7C1EA4B01359}.Debug|Any CPU.ActiveCfg = Debug|Any CPU
		{1485D985-CCFF-437D-B006-7C1EA4B01359}.Debug|Any CPU.Build.0 = Debug|Any CPU
		{1485D985-CCFF-437D-B006-7C1EA4B01359}.Release|Any CPU.ActiveCfg = Release|Any CPU
		{1485D985-CCFF-437D-B006-7C1EA4B01359}.Release|Any CPU.Build.0 = Release|Any CPU
		{02F68738-C57A-47B1-899D-5D1D55A1144F}.Debug|Any CPU.ActiveCfg = Debug|Any CPU
		{02F68738-C57A-47B1-899D-5D1D55A1144F}.Debug|Any CPU.Build.0 = Debug|Any CPU
		{02F68738-C57A-47B1-899D-5D1D55A1144F}.Release|Any CPU.ActiveCfg = Release|Any CPU
		{02F68738-C57A-47B1-899D-5D1D55A1144F}.Release|Any CPU.Build.0 = Release|Any CPU
	EndGlobalSection
	GlobalSection(SolutionProperties) = preSolution
		HideSolutionNode = FALSE
	EndGlobalSection
	GlobalSection(ExtensibilityGlobals) = postSolution
		SolutionGuid = {0AC75C05-45F3-478F-8A11-1309CE4A2845}
	EndGlobalSection
EndGlobal
